// !$*UTF8*$!
{
	archiveVersion = 1;
	classes = {
	};
	objectVersion = 54;
	objects = {

/* Begin PBXBuildFile section */
		5A20D01B2666A72E00BBEB25 /* MRect.swift in Sources */ = {isa = PBXBuildFile; fileRef = 5A20D01A2666A72E00BBEB25 /* MRect.swift */; };
		5A911FF626669D7A00D655ED /* Standalone.storyboard in Resources */ = {isa = PBXBuildFile; fileRef = 5A911FF526669D7A00D655ED /* Standalone.storyboard */; };
		5A911FFA26669F3100D655ED /* Banner.swift in Sources */ = {isa = PBXBuildFile; fileRef = 5A911FF926669F3100D655ED /* Banner.swift */; };
		5A911FFD26669F7200D655ED /* Interstitial.swift in Sources */ = {isa = PBXBuildFile; fileRef = 5A911FFC26669F7200D655ED /* Interstitial.swift */; };
		5A91200326669FBF00D655ED /* Rewarded.swift in Sources */ = {isa = PBXBuildFile; fileRef = 5A91200226669FBF00D655ED /* Rewarded.swift */; };
		5A9120062666A00500D655ED /* Native.swift in Sources */ = {isa = PBXBuildFile; fileRef = 5A9120052666A00500D655ED /* Native.swift */; };
		5ACC93322666956C00F40D52 /* AppDelegate.swift in Sources */ = {isa = PBXBuildFile; fileRef = 5ACC93312666956C00F40D52 /* AppDelegate.swift */; };
		5ACC93342666956C00F40D52 /* SceneDelegate.swift in Sources */ = {isa = PBXBuildFile; fileRef = 5ACC93332666956C00F40D52 /* SceneDelegate.swift */; };
		5ACC93392666956C00F40D52 /* Main.storyboard in Resources */ = {isa = PBXBuildFile; fileRef = 5ACC93372666956C00F40D52 /* Main.storyboard */; };
		5ACC933B2666956F00F40D52 /* Assets.xcassets in Resources */ = {isa = PBXBuildFile; fileRef = 5ACC933A2666956F00F40D52 /* Assets.xcassets */; };
		5ACC933E2666956F00F40D52 /* LaunchScreen.storyboard in Resources */ = {isa = PBXBuildFile; fileRef = 5ACC933C2666956F00F40D52 /* LaunchScreen.storyboard */; };
		7EAF3D312F1FB99E009DAF0B /* HyBid in Frameworks */ = {isa = PBXBuildFile; productRef = 7EAF3D302F1FB99E009DAF0B /* HyBid */; };
/* End PBXBuildFile section */

/* Begin PBXFileReference section */
		5A20D01A2666A72E00BBEB25 /* MRect.swift */ = {isa = PBXFileReference; lastKnownFileType = sourcecode.swift; path = MRect.swift; sourceTree = "<group>"; };
		5A911FF526669D7A00D655ED /* Standalone.storyboard */ = {isa = PBXFileReference; lastKnownFileType = file.storyboard; path = Standalone.storyboard; sourceTree = "<group>"; };
		5A911FF926669F3100D655ED /* Banner.swift */ = {isa = PBXFileReference; lastKnownFileType = sourcecode.swift; path = Banner.swift; sourceTree = "<group>"; };
		5A911FFC26669F7200D655ED /* Interstitial.swift */ = {isa = PBXFileReference; lastKnownFileType = sourcecode.swift; path = Interstitial.swift; sourceTree = "<group>"; };
		5A91200226669FBF00D655ED /* Rewarded.swift */ = {isa = PBXFileReference; lastKnownFileType = sourcecode.swift; path = Rewarded.swift; sourceTree = "<group>"; };
		5A9120052666A00500D655ED /* Native.swift */ = {isa = PBXFileReference; lastKnownFileType = sourcecode.swift; path = Native.swift; sourceTree = "<group>"; };
		5ACC932E2666956C00F40D52 /* Standalone Demo.app */ = {isa = PBXFileReference; explicitFileType = wrapper.application; includeInIndex = 0; path = "Standalone Demo.app"; sourceTree = BUILT_PRODUCTS_DIR; };
		5ACC93312666956C00F40D52 /* AppDelegate.swift */ = {isa = PBXFileReference; lastKnownFileType = sourcecode.swift; path = AppDelegate.swift; sourceTree = "<group>"; };
		5ACC93332666956C00F40D52 /* SceneDelegate.swift */ = {isa = PBXFileReference; lastKnownFileType = sourcecode.swift; path = SceneDelegate.swift; sourceTree = "<group>"; };
		5ACC93382666956C00F40D52 /* Base */ = {isa = PBXFileReference; lastKnownFileType = file.storyboard; name = Base; path = Base.lproj/Main.storyboard; sourceTree = "<group>"; };
		5ACC933A2666956F00F40D52 /* Assets.xcassets */ = {isa = PBXFileReference; lastKnownFileType = folder.assetcatalog; path = Assets.xcassets; sourceTree = "<group>"; };
		5ACC933D2666956F00F40D52 /* Base */ = {isa = PBXFileReference; lastKnownFileType = file.storyboard; name = Base; path = Base.lproj/LaunchScreen.storyboard; sourceTree = "<group>"; };
		5ACC933F2666956F00F40D52 /* Info.plist */ = {isa = PBXFileReference; lastKnownFileType = text.plist.xml; path = Info.plist; sourceTree = "<group>"; };
/* End PBXFileReference section */

/* Begin PBXFrameworksBuildPhase section */
		5ACC932B2666956C00F40D52 /* Frameworks */ = {
			isa = PBXFrameworksBuildPhase;
			buildActionMask = 2147483647;
			files = (
				7EAF3D312F1FB99E009DAF0B /* HyBid in Frameworks */,
			);
			runOnlyForDeploymentPostprocessing = 0;
		};
/* End PBXFrameworksBuildPhase section */

/* Begin PBXGroup section */
		5A20D0142666A44400BBEB25 /* Examples */ = {
			isa = PBXGroup;
			children = (
				5A9120052666A00500D655ED /* Native.swift */,
				5A911FF926669F3100D655ED /* Banner.swift */,
				5A20D01A2666A72E00BBEB25 /* MRect.swift */,
				5A911FFC26669F7200D655ED /* Interstitial.swift */,
				5A91200226669FBF00D655ED /* Rewarded.swift */,
			);
			path = Examples;
			sourceTree = "<group>";
		};
		5A911FF426669D5800D655ED /* Storyboards */ = {
			isa = PBXGroup;
			children = (
				5ACC93372666956C00F40D52 /* Main.storyboard */,
				5A911FF526669D7A00D655ED /* Standalone.storyboard */,
			);
			path = Storyboards;
			sourceTree = "<group>";
		};
		5ACC93252666956C00F40D52 = {
			isa = PBXGroup;
			children = (
				5ACC93302666956C00F40D52 /* Standalone Demo */,
				5ACC932F2666956C00F40D52 /* Products */,
			);
			sourceTree = "<group>";
		};
		5ACC932F2666956C00F40D52 /* Products */ = {
			isa = PBXGroup;
			children = (
				5ACC932E2666956C00F40D52 /* Standalone Demo.app */,
			);
			name = Products;
			sourceTree = "<group>";
		};
		5ACC93302666956C00F40D52 /* Standalone Demo */ = {
			isa = PBXGroup;
			children = (
				5ACC93312666956C00F40D52 /* AppDelegate.swift */,
				5ACC93332666956C00F40D52 /* SceneDelegate.swift */,
				5A20D0142666A44400BBEB25 /* Examples */,
				5A911FF426669D5800D655ED /* Storyboards */,
				5ACC933A2666956F00F40D52 /* Assets.xcassets */,
				5ACC933C2666956F00F40D52 /* LaunchScreen.storyboard */,
				5ACC933F2666956F00F40D52 /* Info.plist */,
			);
			path = "Standalone Demo";
			sourceTree = "<group>";
		};
/* End PBXGroup section */

/* Begin PBXNativeTarget section */
		5ACC932D2666956C00F40D52 /* Standalone Demo */ = {
			isa = PBXNativeTarget;
			buildConfigurationList = 5ACC93422666956F00F40D52 /* Build configuration list for PBXNativeTarget "Standalone Demo" */;
			buildPhases = (
				5ACC932A2666956C00F40D52 /* Sources */,
				5ACC932B2666956C00F40D52 /* Frameworks */,
				5ACC932C2666956C00F40D52 /* Resources */,
			);
			buildRules = (
			);
			dependencies = (
			);
			name = "Standalone Demo";
			productName = "Standalone Demo";
			productReference = 5ACC932E2666956C00F40D52 /* Standalone Demo.app */;
			productType = "com.apple.product-type.application";
		};
/* End PBXNativeTarget section */

/* Begin PBXProject section */
		5ACC93262666956C00F40D52 /* Project object */ = {
			isa = PBXProject;
			attributes = {
				LastSwiftUpdateCheck = 1230;
				LastUpgradeCheck = 1230;
				TargetAttributes = {
					5ACC932D2666956C00F40D52 = {
						CreatedOnToolsVersion = 12.3;
					};
				};
			};
			buildConfigurationList = 5ACC93292666956C00F40D52 /* Build configuration list for PBXProject "Standalone Demo" */;
			compatibilityVersion = "Xcode 9.3";
			developmentRegion = en;
			hasScannedForEncodings = 0;
			knownRegions = (
				en,
				Base,
			);
			mainGroup = 5ACC93252666956C00F40D52;
			packageReferences = (
				7EAF3D2F2F1FB99E009DAF0B /* XCRemoteSwiftPackageReference "hybid-ios-spm-sdk" */,
			);
			productRefGroup = 5ACC932F2666956C00F40D52 /* Products */;
			projectDirPath = "";
			projectRoot = "";
			targets = (
				5ACC932D2666956C00F40D52 /* Standalone Demo */,
			);
		};
/* End PBXProject section */

/* Begin PBXResourcesBuildPhase section */
		5ACC932C2666956C00F40D52 /* Resources */ = {
			isa = PBXResourcesBuildPhase;
			buildActionMask = 2147483647;
			files = (
				5ACC933E2666956F00F40D52 /* LaunchScreen.storyboard in Resources */,
				5A911FF626669D7A00D655ED /* Standalone.storyboard in Resources */,
				5ACC933B2666956F00F40D52 /* Assets.xcassets in Resources */,
				5ACC93392666956C00F40D52 /* Main.storyboard in Resources */,
			);
			runOnlyForDeploymentPostprocessing = 0;
		};
/* End PBXResourcesBuildPhase section */

/* Begin PBXSourcesBuildPhase section */
		5ACC932A2666956C00F40D52 /* Sources */ = {
			isa = PBXSourcesBuildPhase;
			buildActionMask = 2147483647;
			files = (
				5A9120062666A00500D655ED /* Native.swift in Sources */,
				5ACC93322666956C00F40D52 /* AppDelegate.swift in Sources */,
				5A20D01B2666A72E00BBEB25 /* MRect.swift in Sources */,
				5A911FFD26669F7200D655ED /* Interstitial.swift in Sources */,
				5ACC93342666956C00F40D52 /* SceneDelegate.swift in Sources */,
				5A91200326669FBF00D655ED /* Rewarded.swift in Sources */,
				5A911FFA26669F3100D655ED /* Banner.swift in Sources */,
			);
			runOnlyForDeploymentPostprocessing = 0;
		};
/* End PBXSourcesBuildPhase section */

/* Begin PBXVariantGroup section */
		5ACC93372666956C00F40D52 /* Main.storyboard */ = {
			isa = PBXVariantGroup;
			children = (
				5ACC93382666956C00F40D52 /* Base */,
			);
			name = Main.storyboard;
			sourceTree = "<group>";
		};
		5ACC933C2666956F00F40D52 /* LaunchScreen.storyboard */ = {
			isa = PBXVariantGroup;
			children = (
				5ACC933D2666956F00F40D52 /* Base */,
			);
			name = LaunchScreen.storyboard;
			sourceTree = "<group>";
		};
/* End PBXVariantGroup section */

/* Begin XCBuildConfiguration section */
		5ACC93402666956F00F40D52 /* Debug */ = {
			isa = XCBuildConfiguration;
			buildSettings = {
				ALWAYS_SEARCH_USER_PATHS = NO;
				CLANG_ANALYZER_NONNULL = YES;
				CLANG_ANALYZER_NUMBER_OBJECT_CONVERSION = YES_AGGRESSIVE;
				CLANG_CXX_LANGUAGE_STANDARD = "gnu++14";
				CLANG_CXX_LIBRARY = "libc++";
				CLANG_ENABLE_MODULES = YES;
				CLANG_ENABLE_OBJC_ARC = YES;
				CLANG_ENABLE_OBJC_WEAK = YES;
				CLANG_WARN_BLOCK_CAPTURE_AUTORELEASING = YES;
				CLANG_WARN_BOOL_CONVERSION = YES;
				CLANG_WARN_COMMA = YES;
				CLANG_WARN_CONSTANT_CONVERSION = YES;
				CLANG_WARN_DEPRECATED_OBJC_IMPLEMENTATIONS = YES;
				CLANG_WARN_DIRECT_OBJC_ISA_USAGE = YES_ERROR;
				CLANG_WARN_DOCUMENTATION_COMMENTS = YES;
				CLANG_WARN_EMPTY_BODY = YES;
				CLANG_WARN_ENUM_CONVERSION = YES;
				CLANG_WARN_INFINITE_RECURSION = YES;
				CLANG_WARN_INT_CONVERSION = YES;
				CLANG_WARN_NON_LITERAL_NULL_CONVERSION = YES;
				CLANG_WARN_OBJC_IMPLICIT_RETAIN_SELF = YES;
				CLANG_WARN_OBJC_LITERAL_CONVERSION = YES;
				CLANG_WARN_OBJC_ROOT_CLASS = YES_ERROR;
				CLANG_WARN_QUOTED_INCLUDE_IN_FRAMEWORK_HEADER = YES;
				CLANG_WARN_RANGE_LOOP_ANALYSIS = YES;
				CLANG_WARN_STRICT_PROTOTYPES = YES;
				CLANG_WARN_SUSPICIOUS_MOVE = YES;
				CLANG_WARN_UNGUARDED_AVAILABILITY = YES_AGGRESSIVE;
				CLANG_WARN_UNREACHABLE_CODE = YES;
				CLANG_WARN__DUPLICATE_METHOD_MATCH = YES;
				COPY_PHASE_STRIP = NO;
				DEBUG_INFORMATION_FORMAT = dwarf;
				ENABLE_STRICT_OBJC_MSGSEND = YES;
				ENABLE_TESTABILITY = YES;
				GCC_C_LANGUAGE_STANDARD = gnu11;
				GCC_DYNAMIC_NO_PIC = NO;
				GCC_NO_COMMON_BLOCKS = YES;
				GCC_OPTIMIZATION_LEVEL = 0;
				GCC_PREPROCESSOR_DEFINITIONS = (
					"DEBUG=1",
					"$(inherited)",
				);
				GCC_WARN_64_TO_32_BIT_CONVERSION = YES;
				GCC_WARN_ABOUT_RETURN_TYPE = YES_ERROR;
				GCC_WARN_UNDECLARED_SELECTOR = YES;
				GCC_WARN_UNINITIALIZED_AUTOS = YES_AGGRESSIVE;
				GCC_WARN_UNUSED_FUNCTION = YES;
				GCC_WARN_UNUSED_VARIABLE = YES;
				IPHONEOS_DEPLOYMENT_TARGET = 14.3;
				MTL_ENABLE_DEBUG_INFO = INCLUDE_SOURCE;
				MTL_FAST_MATH = YES;
				ONLY_ACTIVE_ARCH = YES;
				SDKROOT = iphoneos;
				SWIFT_ACTIVE_COMPILATION_CONDITIONS = DEBUG;
				SWIFT_OPTIMIZATION_LEVEL = "-Onone";
			};
			name = Debug;
		};
		5ACC93412666956F00F40D52 /* Release */ = {
			isa = XCBuildConfiguration;
			buildSettings = {
				ALWAYS_SEARCH_USER_PATHS = NO;
				CLANG_ANALYZER_NONNULL = YES;
				CLANG_ANALYZER_NUMBER_OBJECT_CONVERSION = YES_AGGRESSIVE;
				CLANG_CXX_LANGUAGE_STANDARD = "gnu++14";
				CLANG_CXX_LIBRARY = "libc++";
				CLANG_ENABLE_MODULES = YES;
				CLANG_ENABLE_OBJC_ARC = YES;
				CLANG_ENABLE_OBJC_WEAK = YES;
				CLANG_WARN_BLOCK_CAPTURE_AUTORELEASING = YES;
				CLANG_WARN_BOOL_CONVERSION = YES;
				CLANG_WARN_COMMA = YES;
				CLANG_WARN_CONSTANT_CONVERSION = YES;
				CLANG_WARN_DEPRECATED_OBJC_IMPLEMENTATIONS = YES;
				CLANG_WARN_DIRECT_OBJC_ISA_USAGE = YES_ERROR;
				CLANG_WARN_DOCUMENTATION_COMMENTS = YES;
				CLANG_WARN_EMPTY_BODY = YES;
				CLANG_WARN_ENUM_CONVERSION = YES;
				CLANG_WARN_INFINITE_RECURSION = YES;
				CLANG_WARN_INT_CONVERSION = YES;
				CLANG_WARN_NON_LITERAL_NULL_CONVERSION = YES;
				CLANG_WARN_OBJC_IMPLICIT_RETAIN_SELF = YES;
				CLANG_WARN_OBJC_LITERAL_CONVERSION = YES;
				CLANG_WARN_OBJC_ROOT_CLASS = YES_ERROR;
				CLANG_WARN_QUOTED_INCLUDE_IN_FRAMEWORK_HEADER = YES;
				CLANG_WARN_RANGE_LOOP_ANALYSIS = YES;
				CLANG_WARN_STRICT_PROTOTYPES = YES;
				CLANG_WARN_SUSPICIOUS_MOVE = YES;
				CLANG_WARN_UNGUARDED_AVAILABILITY = YES_AGGRESSIVE;
				CLANG_WARN_UNREACHABLE_CODE = YES;
				CLANG_WARN__DUPLICATE_METHOD_MATCH = YES;
				COPY_PHASE_STRIP = NO;
				DEBUG_INFORMATION_FORMAT = "dwarf-with-dsym";
				ENABLE_NS_ASSERTIONS = NO;
				ENABLE_STRICT_OBJC_MSGSEND = YES;
				GCC_C_LANGUAGE_STANDARD = gnu11;
				GCC_NO_COMMON_BLOCKS = YES;
				GCC_WARN_64_TO_32_BIT_CONVERSION = YES;
				GCC_WARN_ABOUT_RETURN_TYPE = YES_ERROR;
				GCC_WARN_UNDECLARED_SELECTOR = YES;
				GCC_WARN_UNINITIALIZED_AUTOS = YES_AGGRESSIVE;
				GCC_WARN_UNUSED_FUNCTION = YES;
				GCC_WARN_UNUSED_VARIABLE = YES;
				IPHONEOS_DEPLOYMENT_TARGET = 14.3;
				MTL_ENABLE_DEBUG_INFO = NO;
				MTL_FAST_MATH = YES;
				SDKROOT = iphoneos;
				SWIFT_COMPILATION_MODE = wholemodule;
				SWIFT_OPTIMIZATION_LEVEL = "-O";
				VALIDATE_PRODUCT = YES;
			};
			name = Release;
		};
		5ACC93432666956F00F40D52 /* Debug */ = {
			isa = XCBuildConfiguration;
			buildSettings = {
				ASSETCATALOG_COMPILER_APPICON_NAME = AppIcon;
				ASSETCATALOG_COMPILER_GLOBAL_ACCENT_COLOR_NAME = AccentColor;
				CODE_SIGN_STYLE = Automatic;
				DEVELOPMENT_TEAM = TL55SBB4FM;
				INFOPLIST_FILE = "Standalone Demo/Info.plist";
				LD_RUNPATH_SEARCH_PATHS = (
					"$(inherited)",
					"@executable_path/Frameworks",
				);
				PRODUCT_BUNDLE_IDENTIFIER = "net.pubnative.Standalone-Demo";
				PRODUCT_NAME = "$(TARGET_NAME)";
				SWIFT_VERSION = 5.0;
				TARGETED_DEVICE_FAMILY = "1,2";
			};
			name = Debug;
		};
		5ACC93442666956F00F40D52 /* Release */ = {
			isa = XCBuildConfiguration;
			buildSettings = {
				ASSETCATALOG_COMPILER_APPICON_NAME = AppIcon;
				ASSETCATALOG_COMPILER_GLOBAL_ACCENT_COLOR_NAME = AccentColor;
				CODE_SIGN_STYLE = Automatic;
				DEVELOPMENT_TEAM = TL55SBB4FM;
				INFOPLIST_FILE = "Standalone Demo/Info.plist";
				LD_RUNPATH_SEARCH_PATHS = (
					"$(inherited)",
					"@executable_path/Frameworks",
				);
				PRODUCT_BUNDLE_IDENTIFIER = "net.pubnative.Standalone-Demo";
				PRODUCT_NAME = "$(TARGET_NAME)";
				SWIFT_VERSION = 5.0;
				TARGETED_DEVICE_FAMILY = "1,2";
			};
			name = Release;
		};
/* End XCBuildConfiguration section */

/* Begin XCConfigurationList section */
		5ACC93292666956C00F40D52 /* Build configuration list for PBXProject "Standalone Demo" */ = {
			isa = XCConfigurationList;
			buildConfigurations = (
				5ACC93402666956F00F40D52 /* Debug */,
				5ACC93412666956F00F40D52 /* Release */,
			);
			defaultConfigurationIsVisible = 0;
			defaultConfigurationName = Release;
		};
		5ACC93422666956F00F40D52 /* Build configuration list for PBXNativeTarget "Standalone Demo" */ = {
			isa = XCConfigurationList;
			buildConfigurations = (
				5ACC93432666956F00F40D52 /* Debug */,
				5ACC93442666956F00F40D52 /* Release */,
			);
			defaultConfigurationIsVisible = 0;
			defaultConfigurationName = Release;
		};
/* End XCConfigurationList section */

/* Begin XCRemoteSwiftPackageReference section */
		7EAF3D2F2F1FB99E009DAF0B /* XCRemoteSwiftPackageReference "hybid-ios-spm-sdk" */ = {
			isa = XCRemoteSwiftPackageReference;
			repositoryURL = "https://github.com/vervegroup/hybid-ios-spm-sdk";
			requirement = {
				branch = main;
				kind = branch;
			};
		};
/* End XCRemoteSwiftPackageReference section */

/* Begin XCSwiftPackageProductDependency section */
		7EAF3D302F1FB99E009DAF0B /* HyBid */ = {
			isa = XCSwiftPackageProductDependency;
			package = 7EAF3D2F2F1FB99E009DAF0B /* XCRemoteSwiftPackageReference "hybid-ios-spm-sdk" */;
			productName = HyBid;
		};
/* End XCSwiftPackageProductDependency section */
	};
	rootObject = 5ACC93262666956C00F40D52 /* Project object */;
}
