PODS:
  - ATOM-Standalone (3.8.0)
  - HyBid (3.7.1):
    - HyBid/ATOM (= 3.7.1)
    - HyBid/Banner (= 3.7.1)
    - HyBid/Core (= 3.7.1)
    - HyBid/FullScreen (= 3.7.1)
    - HyBid/Native (= 3.7.1)
    - HyBid/RewardedVideo (= 3.7.1)
  - HyBid/ATOM (3.7.1):
    - ATOM-Standalone
    - HyBid/Core
  - HyBid/Banner (3.7.1):
    - HyBid/Core
  - HyBid/Core (3.7.1)
  - HyBid/FullScreen (3.7.1):
    - HyBid/Core
  - HyBid/Native (3.7.1):
    - HyBid/Core
  - HyBid/RewardedVideo (3.7.1):
    - HyBid/Core

DEPENDENCIES:
  - HyBid (= 3.7.1)

SPEC REPOS:
  trunk:
    - ATOM-Standalone
    - HyBid

SPEC CHECKSUMS:
  ATOM-Standalone: ad17f0d0e60b22f67ed99e5a336425d68d324f3e
  HyBid: c75fa40e2d209aaed25b60f7bcd0e408d294c19e

PODFILE CHECKSUM: db230dc19a2fc71d459d0f1303aaf3e689040594

COCOAPODS: 1.16.2
