PODS:
  - HyBid (3.0.3):
    - HyBid/Banner (= 3.0.3)
    - HyBid/Core (= 3.0.3)
    - HyBid/FullScreen (= 3.0.3)
    - HyBid/Native (= 3.0.3)
    - HyBid/RewardedVideo (= 3.0.3)
  - HyBid/Banner (3.0.3):
    - HyBid/Core
  - HyBid/Core (3.0.3)
  - HyBid/FullScreen (3.0.3):
    - HyBid/Core
  - HyBid/Native (3.0.3):
    - HyBid/Core
  - HyBid/RewardedVideo (3.0.3):
    - HyBid/Core

DEPENDENCIES:
  - HyBid (= 3.0.3)

SPEC REPOS:
  trunk:
    - HyBid

SPEC CHECKSUMS:
  HyBid: 919c190836d93f411370df8b90ee58a8aaf8b709

PODFILE CHECKSUM: c83c13f9a5c673377e87f7dfd8fcb8fc27d9aa1c

COCOAPODS: 1.15.2
