PODS:
  - HyBid (2.12.1-beta2):
    - HyBid/Banner (= 2.12.1-beta2)
    - HyBid/Core (= 2.12.1-beta2)
    - HyBid/FullScreen (= 2.12.1-beta2)
    - HyBid/Native (= 2.12.1-beta2)
    - HyBid/RewardedVideo (= 2.12.1-beta2)
  - HyBid/Banner (2.12.1-beta2):
    - HyBid/Core
  - HyBid/Core (2.12.1-beta2)
  - HyBid/FullScreen (2.12.1-beta2):
    - HyBid/Core
  - HyBid/Native (2.12.1-beta2):
    - HyBid/Core
  - HyBid/RewardedVideo (2.12.1-beta2):
    - HyBid/Core

DEPENDENCIES:
  - HyBid (= 2.12.1-beta2)

SPEC REPOS:
  trunk:
    - HyBid

SPEC CHECKSUMS:
  HyBid: 7b6fa1eafe957e3e12bcfb393b8271e7a1142a18

PODFILE CHECKSUM: 6d07492b3184c440d96920460dad76eb7ae481e5

COCOAPODS: 1.11.3
