PODS:
  - HyBid (2.4.8):
    - HyBid/Banner (= 2.4.8)
    - HyBid/Core (= 2.4.8)
    - HyBid/FullScreen (= 2.4.8)
    - HyBid/Native (= 2.4.8)
    - HyBid/RewardedVideo (= 2.4.8)
  - HyBid/Banner (2.4.8):
    - HyBid/Core
  - HyBid/Core (2.4.8)
  - HyBid/FullScreen (2.4.8):
    - HyBid/Core
  - HyBid/Native (2.4.8):
    - HyBid/Core
  - HyBid/RewardedVideo (2.4.8):
    - HyBid/Core

DEPENDENCIES:
  - HyBid (= 2.4.8)

SPEC REPOS:
  trunk:
    - HyBid

SPEC CHECKSUMS:
  HyBid: 219ad38185041121e6d919384386c1da53a4224c

PODFILE CHECKSUM: c7ffd03755a3c36514a73acf7e57108431b5f9a8

COCOAPODS: 1.10.1
