PODS:
  - HyBid (2.6.3):
    - HyBid/Banner (= 2.6.3)
    - HyBid/Core (= 2.6.3)
    - HyBid/FullScreen (= 2.6.3)
    - HyBid/Native (= 2.6.3)
    - HyBid/RewardedVideo (= 2.6.3)
  - HyBid/Banner (2.6.3):
    - HyBid/Core
  - HyBid/Core (2.6.3)
  - HyBid/FullScreen (2.6.3):
    - HyBid/Core
  - HyBid/Native (2.6.3):
    - HyBid/Core
  - HyBid/RewardedVideo (2.6.3):
    - HyBid/Core

DEPENDENCIES:
  - HyBid (= 2.6.3)

SPEC REPOS:
  trunk:
    - HyBid

SPEC CHECKSUMS:
  HyBid: 4d1d258e6e836a567b169d8aa2054a8366b44e5b

PODFILE CHECKSUM: 131521d44df7717f666508d4bccba2678a5fe679

COCOAPODS: 1.10.1
