PODS:
  - HyBid (2.7.1):
    - HyBid/Banner (= 2.7.1)
    - HyBid/Core (= 2.7.1)
    - HyBid/FullScreen (= 2.7.1)
    - HyBid/Native (= 2.7.1)
    - HyBid/RewardedVideo (= 2.7.1)
  - HyBid/Banner (2.7.1):
    - HyBid/Core
  - HyBid/Core (2.7.1)
  - HyBid/FullScreen (2.7.1):
    - HyBid/Core
  - HyBid/Native (2.7.1):
    - HyBid/Core
  - HyBid/RewardedVideo (2.7.1):
    - HyBid/Core

DEPENDENCIES:
  - HyBid (= 2.7.1)

SPEC REPOS:
  trunk:
    - HyBid

SPEC CHECKSUMS:
  HyBid: 99051bf94d9fe0efa96981ecf39c903c609a1cd9

PODFILE CHECKSUM: de43a4df0b99cdc33eb70fab227479391ce19432

COCOAPODS: 1.10.2
