PODS:
  - HyBid (2.18.1-beta7):
    - HyBid/Banner (= 2.18.1-beta7)
    - HyBid/Core (= 2.18.1-beta7)
    - HyBid/FullScreen (= 2.18.1-beta7)
    - HyBid/Native (= 2.18.1-beta7)
    - HyBid/RewardedVideo (= 2.18.1-beta7)
  - HyBid/Banner (2.18.1-beta7):
    - HyBid/Core
  - HyBid/Core (2.18.1-beta7)
  - HyBid/FullScreen (2.18.1-beta7):
    - HyBid/Core
  - HyBid/Native (2.18.1-beta7):
    - HyBid/Core
  - HyBid/RewardedVideo (2.18.1-beta7):
    - HyBid/Core

DEPENDENCIES:
  - HyBid (= 2.18.1-beta7)

SPEC REPOS:
  trunk:
    - HyBid

SPEC CHECKSUMS:
  HyBid: e1353abdc934c0216a929dd21a021e4b57e47974

PODFILE CHECKSUM: bff1305e0910215c1491444fe0eda02f3d441dc6

COCOAPODS: 1.11.3
