PODS:
  - HyBid (2.17.1-beta):
    - HyBid/Banner (= 2.17.1-beta)
    - HyBid/Core (= 2.17.1-beta)
    - HyBid/FullScreen (= 2.17.1-beta)
    - HyBid/Native (= 2.17.1-beta)
    - HyBid/RewardedVideo (= 2.17.1-beta)
  - HyBid/Banner (2.17.1-beta):
    - HyBid/Core
  - HyBid/Core (2.17.1-beta)
  - HyBid/FullScreen (2.17.1-beta):
    - HyBid/Core
  - HyBid/Native (2.17.1-beta):
    - HyBid/Core
  - HyBid/RewardedVideo (2.17.1-beta):
    - HyBid/Core

DEPENDENCIES:
  - HyBid (= 2.17.1-beta)

SPEC REPOS:
  trunk:
    - HyBid

SPEC CHECKSUMS:
  HyBid: e7182f823ec9916a41e91d3c270f5c864d6a2e23

PODFILE CHECKSUM: 9486568a0c5c530c8933073effc17fa29220a2eb

COCOAPODS: 1.11.3
