PODS:
  - HyBid (2.13.0):
    - HyBid/Banner (= 2.13.0)
    - HyBid/Core (= 2.13.0)
    - HyBid/FullScreen (= 2.13.0)
    - HyBid/Native (= 2.13.0)
    - HyBid/RewardedVideo (= 2.13.0)
  - HyBid/Banner (2.13.0):
    - HyBid/Core
  - HyBid/Core (2.13.0)
  - HyBid/FullScreen (2.13.0):
    - HyBid/Core
  - HyBid/Native (2.13.0):
    - HyBid/Core
  - HyBid/RewardedVideo (2.13.0):
    - HyBid/Core

DEPENDENCIES:
  - HyBid (= 2.13.0)

SPEC REPOS:
  trunk:
    - HyBid

SPEC CHECKSUMS:
  HyBid: cee5223fbc6cd22a4226887973741857927ff2f9

PODFILE CHECKSUM: 2db441e1d143c7a090cda18e43338a31d0dc9d61

COCOAPODS: 1.11.3
